
Microsoft Visual Studio Solution File, Format Version 12.00
# Visual Studio Version 17
VisualStudioVersion = 17.3.32929.385
MinimumVisualStudioVersion = 10.0.40219.1
Project("{9A19103F-16F7-4668-BE54-9A1E7A4F7556}") = "HTTPClient", "..\HTTPClient\HTTPClient.csproj", "{2A146D9D-4A04-4B4F-BF79-8295D4DACAE0}"
EndProject
Project("{9A19103F-16F7-4668-BE54-9A1E7A4F7556}") = "RestSharpTest", "..\RestSharp\RestSharpTest.csproj", "{20C2F230-0574-4019-8230-C6CFB8466F1A}"
EndProject
Project("{FAE04EC0-301F-11D3-BF4B-00C04F79EFBC}") = "SOAP", "SOAP\SOAP.csproj", "{FCD2D8E0-5A92-4874-A478-ECB95FB6FCEF}"
EndProject
Global
	GlobalSection(SolutionConfigurationPlatforms) = preSolution
		Debug|Any CPU = Debug|Any CPU
		Release|Any CPU = Release|Any CPU
	EndGlobalSection
	GlobalSection(ProjectConfigurationPlatforms) = postSolution
		{2A146D9D-4A04-4B4F-BF79-8295D4DACAE0}.Debug|Any CPU.ActiveCfg = Debug|Any CPU
		{2A146D9D-4A04-4B4F-BF79-8295D4DACAE0}.Debug|Any CPU.Build.0 = Debug|Any CPU
		{2A146D9D-4A04-4B4F-BF79-8295D4DACAE0}.Release|Any CPU.ActiveCfg = Release|Any CPU
		{2A146D9D-4A04-4B4F-BF79-8295D4DACAE0}.Release|Any CPU.Build.0 = Release|Any CPU
		{20C2F230-0574-4019-8230-C6CFB8466F1A}.Debug|Any CPU.ActiveCfg = Debug|Any CPU
		{20C2F230-0574-4019-8230-C6CFB8466F1A}.Debug|Any CPU.Build.0 = Debug|Any CPU
		{20C2F230-0574-4019-8230-C6CFB8466F1A}.Release|Any CPU.ActiveCfg = Release|Any CPU
		{20C2F230-0574-4019-8230-C6CFB8466F1A}.Release|Any CPU.Build.0 = Release|Any CPU
		{FCD2D8E0-5A92-4874-A478-ECB95FB6FCEF}.Debug|Any CPU.ActiveCfg = Debug|Any CPU
		{FCD2D8E0-5A92-4874-A478-ECB95FB6FCEF}.Debug|Any CPU.Build.0 = Debug|Any CPU
		{FCD2D8E0-5A92-4874-A478-ECB95FB6FCEF}.Release|Any CPU.ActiveCfg = Release|Any CPU
		{FCD2D8E0-5A92-4874-A478-ECB95FB6FCEF}.Release|Any CPU.Build.0 = Release|Any CPU
	EndGlobalSection
	GlobalSection(SolutionProperties) = preSolution
		HideSolutionNode = FALSE
	EndGlobalSection
	GlobalSection(ExtensibilityGlobals) = postSolution
		SolutionGuid = {F379669E-4A73-4F03-8008-699858334939}
	EndGlobalSection
EndGlobal
